
Microsoft Visual Studio Solution File, Format Version 12.00
# Visual Studio Version 16
VisualStudioVersion = 16.0.30011.22
MinimumVisualStudioVersion = 10.0.40219.1
Project("{8BC9CEB8-8B4A-11D0-8D11-00A0C91BC942}") = "task01", "task01\task01.vcxproj", "{17257BBC-F47F-4D5F-B1B6-47E57822B1F3}"
EndProject
Project("{8BC9CEB8-8B4A-11D0-8D11-00A0C91BC942}") = "task02", "task02\task02.vcxproj", "{596FCA8A-DD56-4E40-9CD9-CDDA1181E4C8}"
EndProject
Project("{8BC9CEB8-8B4A-11D0-8D11-00A0C91BC942}") = "Tvar", "PracticeWork\PracticeWork.vcxproj", "{954EFD87-6CBC-4947-A800-340F9831B44A}"
EndProject
Global
	GlobalSection(SolutionConfigurationPlatforms) = preSolution
		Debug|x64 = Debug|x64
		Debug|x86 = Debug|x86
		Release|x64 = Release|x64
		Release|x86 = Release|x86
	EndGlobalSection
	GlobalSection(ProjectConfigurationPlatforms) = postSolution
		{17257BBC-F47F-4D5F-B1B6-47E57822B1F3}.Debug|x64.ActiveCfg = Debug|x64
		{17257BBC-F47F-4D5F-B1B6-47E57822B1F3}.Debug|x64.Build.0 = Debug|x64
		{17257BBC-F47F-4D5F-B1B6-47E57822B1F3}.Debug|x86.ActiveCfg = Debug|Win32
		{17257BBC-F47F-4D5F-B1B6-47E57822B1F3}.Debug|x86.Build.0 = Debug|Win32
		{17257BBC-F47F-4D5F-B1B6-47E57822B1F3}.Release|x64.ActiveCfg = Release|x64
		{17257BBC-F47F-4D5F-B1B6-47E57822B1F3}.Release|x64.Build.0 = Release|x64
		{17257BBC-F47F-4D5F-B1B6-47E57822B1F3}.Release|x86.ActiveCfg = Release|Win32
		{17257BBC-F47F-4D5F-B1B6-47E57822B1F3}.Release|x86.Build.0 = Release|Win32
		{596FCA8A-DD56-4E40-9CD9-CDDA1181E4C8}.Debug|x64.ActiveCfg = Debug|x64
		{596FCA8A-DD56-4E40-9CD9-CDDA1181E4C8}.Debug|x64.Build.0 = Debug|x64
		{596FCA8A-DD56-4E40-9CD9-CDDA1181E4C8}.Debug|x86.ActiveCfg = Debug|Win32
		{596FCA8A-DD56-4E40-9CD9-CDDA1181E4C8}.Debug|x86.Build.0 = Debug|Win32
		{596FCA8A-DD56-4E40-9CD9-CDDA1181E4C8}.Release|x64.ActiveCfg = Release|x64
		{596FCA8A-DD56-4E40-9CD9-CDDA1181E4C8}.Release|x64.Build.0 = Release|x64
		{596FCA8A-DD56-4E40-9CD9-CDDA1181E4C8}.Release|x86.ActiveCfg = Release|Win32
		{596FCA8A-DD56-4E40-9CD9-CDDA1181E4C8}.Release|x86.Build.0 = Release|Win32
		{954EFD87-6CBC-4947-A800-340F9831B44A}.Debug|x64.ActiveCfg = Debug|x64
		{954EFD87-6CBC-4947-A800-340F9831B44A}.Debug|x64.Build.0 = Debug|x64
		{954EFD87-6CBC-4947-A800-340F9831B44A}.Debug|x86.ActiveCfg = Debug|Win32
		{954EFD87-6CBC-4947-A800-340F9831B44A}.Debug|x86.Build.0 = Debug|Win32
		{954EFD87-6CBC-4947-A800-340F9831B44A}.Release|x64.ActiveCfg = Release|x64
		{954EFD87-6CBC-4947-A800-340F9831B44A}.Release|x64.Build.0 = Release|x64
		{954EFD87-6CBC-4947-A800-340F9831B44A}.Release|x86.ActiveCfg = Release|Win32
		{954EFD87-6CBC-4947-A800-340F9831B44A}.Release|x86.Build.0 = Release|Win32
	EndGlobalSection
	GlobalSection(SolutionProperties) = preSolution
		HideSolutionNode = FALSE
	EndGlobalSection
	GlobalSection(ExtensibilityGlobals) = postSolution
		SolutionGuid = {6A504A71-A529-4BDB-9558-05FC5E27DE8E}
	EndGlobalSection
EndGlobal
