
Microsoft Visual Studio Solution File, Format Version 12.00
# Visual Studio Version 16
VisualStudioVersion = 16.0.30011.22
MinimumVisualStudioVersion = 10.0.40219.1
Project("{8BC9CEB8-8B4A-11D0-8D11-00A0C91BC942}") = "Project-A", "Project-A\Project-A.vcxproj", "{E3B42C25-5A7C-4676-A1E1-22E04C7E3F64}"
EndProject
Global
	GlobalSection(SolutionConfigurationPlatforms) = preSolution
		Debug|x64 = Debug|x64
		Debug|x86 = Debug|x86
		Release|x64 = Release|x64
		Release|x86 = Release|x86
	EndGlobalSection
	GlobalSection(ProjectConfigurationPlatforms) = postSolution
		{E3B42C25-5A7C-4676-A1E1-22E04C7E3F64}.Debug|x64.ActiveCfg = Debug|x64
		{E3B42C25-5A7C-4676-A1E1-22E04C7E3F64}.Debug|x64.Build.0 = Debug|x64
		{E3B42C25-5A7C-4676-A1E1-22E04C7E3F64}.Debug|x86.ActiveCfg = Debug|Win32
		{E3B42C25-5A7C-4676-A1E1-22E04C7E3F64}.Debug|x86.Build.0 = Debug|Win32
		{E3B42C25-5A7C-4676-A1E1-22E04C7E3F64}.Release|x64.ActiveCfg = Release|x64
		{E3B42C25-5A7C-4676-A1E1-22E04C7E3F64}.Release|x64.Build.0 = Release|x64
		{E3B42C25-5A7C-4676-A1E1-22E04C7E3F64}.Release|x86.ActiveCfg = Release|Win32
		{E3B42C25-5A7C-4676-A1E1-22E04C7E3F64}.Release|x86.Build.0 = Release|Win32
	EndGlobalSection
	GlobalSection(SolutionProperties) = preSolution
		HideSolutionNode = FALSE
	EndGlobalSection
	GlobalSection(ExtensibilityGlobals) = postSolution
		SolutionGuid = {582019D2-B220-4788-B978-1526767372E9}
	EndGlobalSection
EndGlobal
