
Microsoft Visual Studio Solution File, Format Version 12.00
# Visual Studio Version 16
VisualStudioVersion = 16.0.30011.22
MinimumVisualStudioVersion = 10.0.40219.1
Project("{8BC9CEB8-8B4A-11D0-8D11-00A0C91BC942}") = "ClassWork3", "ClassWork3\ClassWork3.vcxproj", "{4B0FD72D-A9F5-422E-A00A-7C51C15EC4AF}"
EndProject
Project("{8BC9CEB8-8B4A-11D0-8D11-00A0C91BC942}") = "task01", "task01\task01.vcxproj", "{BAB21E60-E65C-4296-B65A-C7EA29DC68BE}"
EndProject
Global
	GlobalSection(SolutionConfigurationPlatforms) = preSolution
		Debug|x64 = Debug|x64
		Debug|x86 = Debug|x86
		Release|x64 = Release|x64
		Release|x86 = Release|x86
	EndGlobalSection
	GlobalSection(ProjectConfigurationPlatforms) = postSolution
		{4B0FD72D-A9F5-422E-A00A-7C51C15EC4AF}.Debug|x64.ActiveCfg = Debug|x64
		{4B0FD72D-A9F5-422E-A00A-7C51C15EC4AF}.Debug|x64.Build.0 = Debug|x64
		{4B0FD72D-A9F5-422E-A00A-7C51C15EC4AF}.Debug|x86.ActiveCfg = Debug|Win32
		{4B0FD72D-A9F5-422E-A00A-7C51C15EC4AF}.Debug|x86.Build.0 = Debug|Win32
		{4B0FD72D-A9F5-422E-A00A-7C51C15EC4AF}.Release|x64.ActiveCfg = Release|x64
		{4B0FD72D-A9F5-422E-A00A-7C51C15EC4AF}.Release|x64.Build.0 = Release|x64
		{4B0FD72D-A9F5-422E-A00A-7C51C15EC4AF}.Release|x86.ActiveCfg = Release|Win32
		{4B0FD72D-A9F5-422E-A00A-7C51C15EC4AF}.Release|x86.Build.0 = Release|Win32
		{BAB21E60-E65C-4296-B65A-C7EA29DC68BE}.Debug|x64.ActiveCfg = Debug|x64
		{BAB21E60-E65C-4296-B65A-C7EA29DC68BE}.Debug|x64.Build.0 = Debug|x64
		{BAB21E60-E65C-4296-B65A-C7EA29DC68BE}.Debug|x86.ActiveCfg = Debug|Win32
		{BAB21E60-E65C-4296-B65A-C7EA29DC68BE}.Debug|x86.Build.0 = Debug|Win32
		{BAB21E60-E65C-4296-B65A-C7EA29DC68BE}.Release|x64.ActiveCfg = Release|x64
		{BAB21E60-E65C-4296-B65A-C7EA29DC68BE}.Release|x64.Build.0 = Release|x64
		{BAB21E60-E65C-4296-B65A-C7EA29DC68BE}.Release|x86.ActiveCfg = Release|Win32
		{BAB21E60-E65C-4296-B65A-C7EA29DC68BE}.Release|x86.Build.0 = Release|Win32
	EndGlobalSection
	GlobalSection(SolutionProperties) = preSolution
		HideSolutionNode = FALSE
	EndGlobalSection
	GlobalSection(ExtensibilityGlobals) = postSolution
		SolutionGuid = {AE02C33B-8B96-421E-9245-21F8B8B7CDB1}
	EndGlobalSection
EndGlobal
